// !$*UTF8*$!
{
	archiveVersion = 1;
	classes = {
	};
	objectVersion = 46;
	objects = {

/* Begin PBXBuildFile section */
		CC3156601C94EE7800DCEC59 /* main.cpp in Sources */ = {isa = PBXBuildFile; fileRef = CC31565F1C94EE7800DCEC59 /* main.cpp */; };
/* End PBXBuildFile section */

/* Begin PBXCopyFilesBuildPhase section */
		CC31565A1C94EE7800DCEC59 /* CopyFiles */ = {
			isa = PBXCopyFilesBuildPhase;
			buildActionMask = 2147483647;
			dstPath = /usr/share/man/man1/;
			dstSubfolderSpec = 0;
			files = (
			);
			runOnlyForDeploymentPostprocessing = 1;
		};
/* End PBXCopyFilesBuildPhase section */

/* Begin PBXFileReference section */
		CC31565C1C94EE7800DCEC59 /* Sorting_CorrectnessLoopInvariant */ = {isa = PBXFileReference; explicitFileType = "compiled.mach-o.executable"; includeInIndex = 0; path = Sorting_CorrectnessLoopInvariant; sourceTree = BUILT_PRODUCTS_DIR; };
		CC31565F1C94EE7800DCEC59 /* main.cpp */ = {isa = PBXFileReference; lastKnownFileType = sourcecode.cpp.cpp; path = main.cpp; sourceTree = "<group>"; };
/* End PBXFileReference section */

/* Begin PBXFrameworksBuildPhase section */
		CC3156591C94EE7800DCEC59 /* Frameworks */ = {
			isa = PBXFrameworksBuildPhase;
			buildActionMask = 2147483647;
			files = (
			);
			runOnlyForDeploymentPostprocessing = 0;
		};
/* End PBXFrameworksBuildPhase section */

/* Begin PBXGroup section */
		CC3156531C94EE7800DCEC59 = {
			isa = PBXGroup;
			children = (
				CC31565E1C94EE7800DCEC59 /* Sorting_CorrectnessLoopInvariant */,
				CC31565D1C94EE7800DCEC59 /* Products */,
			);
			sourceTree = "<group>";
		};
		CC31565D1C94EE7800DCEC59 /* Products */ = {
			isa = PBXGroup;
			children = (
				CC31565C1C94EE7800DCEC59 /* Sorting_CorrectnessLoopInvariant */,
			);
			name = Products;
			sourceTree = "<group>";
		};
		CC31565E1C94EE7800DCEC59 /* Sorting_CorrectnessLoopInvariant */ = {
			isa = PBXGroup;
			children = (
				CC31565F1C94EE7800DCEC59 /* main.cpp */,
			);
			path = Sorting_CorrectnessLoopInvariant;
			sourceTree = "<group>";
		};
/* End PBXGroup section */

/* Begin PBXNativeTarget section */
		CC31565B1C94EE7800DCEC59 /* Sorting_CorrectnessLoopInvariant */ = {
			isa = PBXNativeTarget;
			buildConfigurationList = CC3156631C94EE7800DCEC59 /* Build configuration list for PBXNativeTarget "Sorting_CorrectnessLoopInvariant" */;
			buildPhases = (
				CC3156581C94EE7800DCEC59 /* Sources */,
				CC3156591C94EE7800DCEC59 /* Frameworks */,
				CC31565A1C94EE7800DCEC59 /* CopyFiles */,
			);
			buildRules = (
			);
			dependencies = (
			);
			name = Sorting_CorrectnessLoopInvariant;
			productName = Sorting_CorrectnessLoopInvariant;
			productReference = CC31565C1C94EE7800DCEC59 /* Sorting_CorrectnessLoopInvariant */;
			productType = "com.apple.product-type.tool";
		};
/* End PBXNativeTarget section */

/* Begin PBXProject section */
		CC3156541C94EE7800DCEC59 /* Project object */ = {
			isa = PBXProject;
			attributes = {
				LastUpgradeCheck = 0720;
				ORGANIZATIONNAME = "Samuel A WINFUL";
				TargetAttributes = {
					CC31565B1C94EE7800DCEC59 = {
						CreatedOnToolsVersion = 7.2.1;
					};
				};
			};
			buildConfigurationList = CC3156571C94EE7800DCEC59 /* Build configuration list for PBXProject "Sorting_CorrectnessLoopInvariant" */;
			compatibilityVersion = "Xcode 3.2";
			developmentRegion = English;
			hasScannedForEncodings = 0;
			knownRegions = (
				en,
			);
			mainGroup = CC3156531C94EE7800DCEC59;
			productRefGroup = CC31565D1C94EE7800DCEC59 /* Products */;
			projectDirPath = "";
			projectRoot = "";
			targets = (
				CC31565B1C94EE7800DCEC59 /* Sorting_CorrectnessLoopInvariant */,
			);
		};
/* End PBXProject section */

/* Begin PBXSourcesBuildPhase section */
		CC3156581C94EE7800DCEC59 /* Sources */ = {
			isa = PBXSourcesBuildPhase;
			buildActionMask = 2147483647;
			files = (
				CC3156601C94EE7800DCEC59 /* main.cpp in Sources */,
			);
			runOnlyForDeploymentPostprocessing = 0;
		};
/* End PBXSourcesBuildPhase section */

/* Begin XCBuildConfiguration section */
		CC3156611C94EE7800DCEC59 /* Debug */ = {
			isa = XCBuildConfiguration;
			buildSettings = {
				ALWAYS_SEARCH_USER_PATHS = NO;
				CLANG_CXX_LANGUAGE_STANDARD = "gnu++0x";
				CLANG_CXX_LIBRARY = "libc++";
				CLANG_ENABLE_MODULES = YES;
				CLANG_ENABLE_OBJC_ARC = YES;
				CLANG_WARN_BOOL_CONVERSION = YES;
				CLANG_WARN_CONSTANT_CONVERSION = YES;
				CLANG_WARN_DIRECT_OBJC_ISA_USAGE = YES_ERROR;
				CLANG_WARN_EMPTY_BODY = YES;
				CLANG_WARN_ENUM_CONVERSION = YES;
				CLANG_WARN_INT_CONVERSION = YES;
				CLANG_WARN_OBJC_ROOT_CLASS = YES_ERROR;
				CLANG_WARN_UNREACHABLE_CODE = YES;
				CLANG_WARN__DUPLICATE_METHOD_MATCH = YES;
				CODE_SIGN_IDENTITY = "-";
				COPY_PHASE_STRIP = NO;
				DEBUG_INFORMATION_FORMAT = dwarf;
				ENABLE_STRICT_OBJC_MSGSEND = YES;
				ENABLE_TESTABILITY = YES;
				GCC_C_LANGUAGE_STANDARD = gnu99;
				GCC_DYNAMIC_NO_PIC = NO;
				GCC_NO_COMMON_BLOCKS = YES;
				GCC_OPTIMIZATION_LEVEL = 0;
				GCC_PREPROCESSOR_DEFINITIONS = (
					"DEBUG=1",
					"$(inherited)",
				);
				GCC_WARN_64_TO_32_BIT_CONVERSION = YES;
				GCC_WARN_ABOUT_RETURN_TYPE = YES_ERROR;
				GCC_WARN_UNDECLARED_SELECTOR = YES;
				GCC_WARN_UNINITIALIZED_AUTOS = YES_AGGRESSIVE;
				GCC_WARN_UNUSED_FUNCTION = YES;
				GCC_WARN_UNUSED_VARIABLE = YES;
				MACOSX_DEPLOYMENT_TARGET = 10.11;
				MTL_ENABLE_DEBUG_INFO = YES;
				ONLY_ACTIVE_ARCH = YES;
				SDKROOT = macosx;
			};
			name = Debug;
		};
		CC3156621C94EE7800DCEC59 /* Release */ = {
			isa = XCBuildConfiguration;
			buildSettings = {
				ALWAYS_SEARCH_USER_PATHS = NO;
				CLANG_CXX_LANGUAGE_STANDARD = "gnu++0x";
				CLANG_CXX_LIBRARY = "libc++";
				CLANG_ENABLE_MODULES = YES;
				CLANG_ENABLE_OBJC_ARC = YES;
				CLANG_WARN_BOOL_CONVERSION = YES;
				CLANG_WARN_CONSTANT_CONVERSION = YES;
				CLANG_WARN_DIRECT_OBJC_ISA_USAGE = YES_ERROR;
				CLANG_WARN_EMPTY_BODY = YES;
				CLANG_WARN_ENUM_CONVERSION = YES;
				CLANG_WARN_INT_CONVERSION = YES;
				CLANG_WARN_OBJC_ROOT_CLASS = YES_ERROR;
				CLANG_WARN_UNREACHABLE_CODE = YES;
				CLANG_WARN__DUPLICATE_METHOD_MATCH = YES;
				CODE_SIGN_IDENTITY = "-";
				COPY_PHASE_STRIP = NO;
				DEBUG_INFORMATION_FORMAT = "dwarf-with-dsym";
				ENABLE_NS_ASSERTIONS = NO;
				ENABLE_STRICT_OBJC_MSGSEND = YES;
				GCC_C_LANGUAGE_STANDARD = gnu99;
				GCC_NO_COMMON_BLOCKS = YES;
				GCC_WARN_64_TO_32_BIT_CONVERSION = YES;
				GCC_WARN_ABOUT_RETURN_TYPE = YES_ERROR;
				GCC_WARN_UNDECLARED_SELECTOR = YES;
				GCC_WARN_UNINITIALIZED_AUTOS = YES_AGGRESSIVE;
				GCC_WARN_UNUSED_FUNCTION = YES;
				GCC_WARN_UNUSED_VARIABLE = YES;
				MACOSX_DEPLOYMENT_TARGET = 10.11;
				MTL_ENABLE_DEBUG_INFO = NO;
				SDKROOT = macosx;
			};
			name = Release;
		};
		CC3156641C94EE7800DCEC59 /* Debug */ = {
			isa = XCBuildConfiguration;
			buildSettings = {
				PRODUCT_NAME = "$(TARGET_NAME)";
			};
			name = Debug;
		};
		CC3156651C94EE7800DCEC59 /* Release */ = {
			isa = XCBuildConfiguration;
			buildSettings = {
				PRODUCT_NAME = "$(TARGET_NAME)";
			};
			name = Release;
		};
/* End XCBuildConfiguration section */

/* Begin XCConfigurationList section */
		CC3156571C94EE7800DCEC59 /* Build configuration list for PBXProject "Sorting_CorrectnessLoopInvariant" */ = {
			isa = XCConfigurationList;
			buildConfigurations = (
				CC3156611C94EE7800DCEC59 /* Debug */,
				CC3156621C94EE7800DCEC59 /* Release */,
			);
			defaultConfigurationIsVisible = 0;
			defaultConfigurationName = Release;
		};
		CC3156631C94EE7800DCEC59 /* Build configuration list for PBXNativeTarget "Sorting_CorrectnessLoopInvariant" */ = {
			isa = XCConfigurationList;
			buildConfigurations = (
				CC3156641C94EE7800DCEC59 /* Debug */,
				CC3156651C94EE7800DCEC59 /* Release */,
			);
			defaultConfigurationIsVisible = 0;
		};
/* End XCConfigurationList section */
	};
	rootObject = CC3156541C94EE7800DCEC59 /* Project object */;
}
